
Microsoft Visual Studio Solution File, Format Version 12.00
# Visual Studio Version 17
VisualStudioVersion = 17.13.35919.96 d17.13
MinimumVisualStudioVersion = 10.0.40219.1
Project("{FAE04EC0-301F-11D3-BF4B-00C04F79EFBC}") = "wGestionEmpleadosconPatrones", "wGestionEmpleadosconPatrones\wGestionEmpleadosconPatrones.csproj", "{19167D92-1EF5-438A-B265-C41A8538F40C}"
EndProject
Global
	GlobalSection(SolutionConfigurationPlatforms) = preSolution
		Debug|Any CPU = Debug|Any CPU
		Release|Any CPU = Release|Any CPU
	EndGlobalSection
	GlobalSection(ProjectConfigurationPlatforms) = postSolution
		{19167D92-1EF5-438A-B265-C41A8538F40C}.Debug|Any CPU.ActiveCfg = Debug|Any CPU
		{19167D92-1EF5-438A-B265-C41A8538F40C}.Debug|Any CPU.Build.0 = Debug|Any CPU
		{19167D92-1EF5-438A-B265-C41A8538F40C}.Release|Any CPU.ActiveCfg = Release|Any CPU
		{19167D92-1EF5-438A-B265-C41A8538F40C}.Release|Any CPU.Build.0 = Release|Any CPU
	EndGlobalSection
	GlobalSection(SolutionProperties) = preSolution
		HideSolutionNode = FALSE
	EndGlobalSection
	GlobalSection(ExtensibilityGlobals) = postSolution
		SolutionGuid = {0756FFB2-E4D7-4B47-8601-B383E03DE1DA}
	EndGlobalSection
EndGlobal
